
Microsoft Visual Studio Solution File, Format Version 12.00
# Visual Studio Version 17
VisualStudioVersion = 17.5.33627.172
MinimumVisualStudioVersion = 10.0.40219.1
Project("{9A19103F-16F7-4668-BE54-9A1E7A4F7556}") = "ArcticleCRUD", "ArcticleCRUD.csproj", "{1674306A-B344-4383-816F-4DA4DCE4C818}"
EndProject
Global
	GlobalSection(SolutionConfigurationPlatforms) = preSolution
		Debug|Any CPU = Debug|Any CPU
		Release|Any CPU = Release|Any CPU
	EndGlobalSection
	GlobalSection(ProjectConfigurationPlatforms) = postSolution
		{1674306A-B344-4383-816F-4DA4DCE4C818}.Debug|Any CPU.ActiveCfg = Debug|Any CPU
		{1674306A-B344-4383-816F-4DA4DCE4C818}.Debug|Any CPU.Build.0 = Debug|Any CPU
		{1674306A-B344-4383-816F-4DA4DCE4C818}.Release|Any CPU.ActiveCfg = Release|Any CPU
		{1674306A-B344-4383-816F-4DA4DCE4C818}.Release|Any CPU.Build.0 = Release|Any CPU
	EndGlobalSection
	GlobalSection(SolutionProperties) = preSolution
		HideSolutionNode = FALSE
	EndGlobalSection
	GlobalSection(ExtensibilityGlobals) = postSolution
		SolutionGuid = {231E4FB2-D0DE-47CD-B6AE-F834969CB98C}
	EndGlobalSection
EndGlobal
